Microsoft Visual Studio Solution File, Format Version 12.00
# Visual Studio Version 17
VisualStudioVersion = 17.0.31912.275
MinimumVisualStudioVersion = 10.0.40219.1
Project("{9A19103F-16F7-4668-BE54-9A1E7A4F7556}") = "Generator", "Generator\Generator.csproj", "{A3D4F2B7-9E4E-4C37-96E2-7B3B6A6B5A10}"
EndProject
Project("{9A19103F-16F7-4668-BE54-9A1E7A4F7556}") = "Sorter", "Sorter\Sorter.csproj", "{D0D8C2C5-4E19-4C75-9F3C-2B4F9D4C8E21}"
EndProject
Project("{9A19103F-16F7-4668-BE54-9A1E7A4F7556}") = "Tests", "Tests\Tests.csproj", "{F1234567-ABCD-4ABC-9DEF-001122334455}"
EndProject
Project("{9A19103F-16F7-4668-BE54-9A1E7A4F7556}") = "Performance", "Performance\Performance.csproj", "{0ABCDEF0-1234-4321-9999-CAFEBABE0001}"
EndProject
Global
	GlobalSection(SolutionConfigurationPlatforms) = preSolution
		Debug|Any CPU = Debug|Any CPU
		Release|Any CPU = Release|Any CPU
	EndGlobalSection
	GlobalSection(ProjectConfigurationPlatforms) = postSolution
		{A3D4F2B7-9E4E-4C37-96E2-7B3B6A6B5A10}.Debug|Any CPU.ActiveCfg = Debug|Any CPU
		{A3D4F2B7-9E4E-4C37-96E2-7B3B6A6B5A10}.Debug|Any CPU.Build.0 = Debug|Any CPU
		{A3D4F2B7-9E4E-4C37-96E2-7B3B6A6B5A10}.Release|Any CPU.ActiveCfg = Release|Any CPU
		{A3D4F2B7-9E4E-4C37-96E2-7B3B6A6B5A10}.Release|Any CPU.Build.0 = Release|Any CPU
		{D0D8C2C5-4E19-4C75-9F3C-2B4F9D4C8E21}.Debug|Any CPU.ActiveCfg = Debug|Any CPU
		{D0D8C2C5-4E19-4C75-9F3C-2B4F9D4C8E21}.Debug|Any CPU.Build.0 = Debug|Any CPU
		{D0D8C2C5-4E19-4C75-9F3C-2B4F9D4C8E21}.Release|Any CPU.ActiveCfg = Release|Any CPU
		{D0D8C2C5-4E19-4C75-9F3C-2B4F9D4C8E21}.Release|Any CPU.Build.0 = Release|Any CPU
		{F1234567-ABCD-4ABC-9DEF-001122334455}.Debug|Any CPU.ActiveCfg = Debug|Any CPU
		{F1234567-ABCD-4ABC-9DEF-001122334455}.Debug|Any CPU.Build.0 = Debug|Any CPU
		{F1234567-ABCD-4ABC-9DEF-001122334455}.Release|Any CPU.ActiveCfg = Release|Any CPU
		{F1234567-ABCD-4ABC-9DEF-001122334455}.Release|Any CPU.Build.0 = Release|Any CPU
		{0ABCDEF0-1234-4321-9999-CAFEBABE0001}.Debug|Any CPU.ActiveCfg = Debug|Any CPU
		{0ABCDEF0-1234-4321-9999-CAFEBABE0001}.Debug|Any CPU.Build.0 = Debug|Any CPU
		{0ABCDEF0-1234-4321-9999-CAFEBABE0001}.Release|Any CPU.ActiveCfg = Release|Any CPU
		{0ABCDEF0-1234-4321-9999-CAFEBABE0001}.Release|Any CPU.Build.0 = Release|Any CPU
	EndGlobalSection
	GlobalSection(SolutionProperties) = preSolution
		HideSolutionNode = FALSE
	EndGlobalSection
EndGlobal
